// !$*UTF8*$!
{
	archiveVersion = 1;
	classes = {
	};
	objectVersion = 48;
	objects = {

/* Begin PBXBuildFile section */
		5C3AB4FD030291E03C3FF285 /* libPods-TakePhotoDemo.a in Frameworks */ = {isa = PBXBuildFile; fileRef = 7C8F5C74B93EA4D953763E79 /* libPods-TakePhotoDemo.a */; };
		CB236F711FCBF32C00658FA8 /* AppDelegate.m in Sources */ = {isa = PBXBuildFile; fileRef = CB236F701FCBF32C00658FA8 /* AppDelegate.m */; };
		CB236F741FCBF32C00658FA8 /* ViewController.m in Sources */ = {isa = PBXBuildFile; fileRef = CB236F731FCBF32C00658FA8 /* ViewController.m */; };
		CB236F771FCBF32C00658FA8 /* Main.storyboard in Resources */ = {isa = PBXBuildFile; fileRef = CB236F751FCBF32C00658FA8 /* Main.storyboard */; };
		CB236F791FCBF32C00658FA8 /* Assets.xcassets in Resources */ = {isa = PBXBuildFile; fileRef = CB236F781FCBF32C00658FA8 /* Assets.xcassets */; };
		CB236F7C1FCBF32C00658FA8 /* LaunchScreen.storyboard in Resources */ = {isa = PBXBuildFile; fileRef = CB236F7A1FCBF32C00658FA8 /* LaunchScreen.storyboard */; };
		CB236F7F1FCBF32C00658FA8 /* main.m in Sources */ = {isa = PBXBuildFile; fileRef = CB236F7E1FCBF32C00658FA8 /* main.m */; };
		CB23700E1FCC02E200658FA8 /* TakePhotoModel.m in Sources */ = {isa = PBXBuildFile; fileRef = CB236FF81FCC02E200658FA8 /* TakePhotoModel.m */; };
		CB23700F1FCC02E200658FA8 /* TakePhotosCameraCell.m in Sources */ = {isa = PBXBuildFile; fileRef = CB236FFA1FCC02E200658FA8 /* TakePhotosCameraCell.m */; };
		CB2370101FCC02E200658FA8 /* TakePhotosCameraCell.xib in Resources */ = {isa = PBXBuildFile; fileRef = CB236FFB1FCC02E200658FA8 /* TakePhotosCameraCell.xib */; };
		CB2370111FCC02E200658FA8 /* TakePhotosCell.m in Sources */ = {isa = PBXBuildFile; fileRef = CB236FFD1FCC02E200658FA8 /* TakePhotosCell.m */; };
		CB2370121FCC02E200658FA8 /* TakePhotosCell.xib in Resources */ = {isa = PBXBuildFile; fileRef = CB236FFE1FCC02E200658FA8 /* TakePhotosCell.xib */; };
		CB2370131FCC02E200658FA8 /* TakePhotosController.m in Sources */ = {isa = PBXBuildFile; fileRef = CB2370001FCC02E200658FA8 /* TakePhotosController.m */; };
		CB2370141FCC02E200658FA8 /* TakePhotoTitleView.m in Sources */ = {isa = PBXBuildFile; fileRef = CB2370021FCC02E200658FA8 /* TakePhotoTitleView.m */; };
		CB2370151FCC02E200658FA8 /* TakePhotosTableCell.m in Sources */ = {isa = PBXBuildFile; fileRef = CB2370051FCC02E200658FA8 /* TakePhotosTableCell.m */; };
		CB2370161FCC02E200658FA8 /* TakePhotosTableCell.xib in Resources */ = {isa = PBXBuildFile; fileRef = CB2370061FCC02E200658FA8 /* TakePhotosTableCell.xib */; };
		CB2370171FCC02E200658FA8 /* TakePhotosTableController.m in Sources */ = {isa = PBXBuildFile; fileRef = CB2370081FCC02E200658FA8 /* TakePhotosTableController.m */; };
		CB2370181FCC02E200658FA8 /* TakePhotosTableModel.m in Sources */ = {isa = PBXBuildFile; fileRef = CB23700A1FCC02E200658FA8 /* TakePhotosTableModel.m */; };
		CB2370191FCC02E200658FA8 /* TakePhoto.m in Sources */ = {isa = PBXBuildFile; fileRef = CB23700B1FCC02E200658FA8 /* TakePhoto.m */; };
		CB23701A1FCC02E200658FA8 /* TakePhoto.bundle in Resources */ = {isa = PBXBuildFile; fileRef = CB23700D1FCC02E200658FA8 /* TakePhoto.bundle */; };
		CB23707E1FCEBAE100658FA8 /* MDPresentTransition.m in Sources */ = {isa = PBXBuildFile; fileRef = CB23706C1FCEBAE100658FA8 /* MDPresentTransition.m */; };
		CB23707F1FCEBAE100658FA8 /* SystemManager.m in Sources */ = {isa = PBXBuildFile; fileRef = CB23706E1FCEBAE100658FA8 /* SystemManager.m */; };
		CB2370801FCEBAE100658FA8 /* UIImage+More.m in Sources */ = {isa = PBXBuildFile; fileRef = CB2370701FCEBAE100658FA8 /* UIImage+More.m */; };
		CB2370811FCEBAE100658FA8 /* UIView+More.m in Sources */ = {isa = PBXBuildFile; fileRef = CB2370721FCEBAE100658FA8 /* UIView+More.m */; };
		CB43CC1B1FD100A60068173F /* BoomPresentView.m in Sources */ = {isa = PBXBuildFile; fileRef = CB43CC191FD100A50068173F /* BoomPresentView.m */; };
/* End PBXBuildFile section */

/* Begin PBXFileReference section */
		0499ED90F111156D07267B48 /* Pods-TakePhotoDemo.release.xcconfig */ = {isa = PBXFileReference; includeInIndex = 1; lastKnownFileType = text.xcconfig; name = "Pods-TakePhotoDemo.release.xcconfig"; path = "Pods/Target Support Files/Pods-TakePhotoDemo/Pods-TakePhotoDemo.release.xcconfig"; sourceTree = "<group>"; };
		1E72F73D2E357D4207F0AF0B /* Pods-TakePhotoDemo.debug.xcconfig */ = {isa = PBXFileReference; includeInIndex = 1; lastKnownFileType = text.xcconfig; name = "Pods-TakePhotoDemo.debug.xcconfig"; path = "Pods/Target Support Files/Pods-TakePhotoDemo/Pods-TakePhotoDemo.debug.xcconfig"; sourceTree = "<group>"; };
		7C8F5C74B93EA4D953763E79 /* libPods-TakePhotoDemo.a */ = {isa = PBXFileReference; explicitFileType = archive.ar; includeInIndex = 0; path = "libPods-TakePhotoDemo.a"; sourceTree = BUILT_PRODUCTS_DIR; };
		CB236F6C1FCBF32C00658FA8 /* TakePhotoDemo.app */ = {isa = PBXFileReference; explicitFileType = wrapper.application; includeInIndex = 0; path = TakePhotoDemo.app; sourceTree = BUILT_PRODUCTS_DIR; };
		CB236F6F1FCBF32C00658FA8 /* AppDelegate.h */ = {isa = PBXFileReference; lastKnownFileType = sourcecode.c.h; path = AppDelegate.h; sourceTree = "<group>"; };
		CB236F701FCBF32C00658FA8 /* AppDelegate.m */ = {isa = PBXFileReference; lastKnownFileType = sourcecode.c.objc; path = AppDelegate.m; sourceTree = "<group>"; };
		CB236F721FCBF32C00658FA8 /* ViewController.h */ = {isa = PBXFileReference; lastKnownFileType = sourcecode.c.h; path = ViewController.h; sourceTree = "<group>"; };
		CB236F731FCBF32C00658FA8 /* ViewController.m */ = {isa = PBXFileReference; lastKnownFileType = sourcecode.c.objc; path = ViewController.m; sourceTree = "<group>"; };
		CB236F761FCBF32C00658FA8 /* Base */ = {isa = PBXFileReference; lastKnownFileType = file.storyboard; name = Base; path = Base.lproj/Main.storyboard; sourceTree = "<group>"; };
		CB236F781FCBF32C00658FA8 /* Assets.xcassets */ = {isa = PBXFileReference; lastKnownFileType = folder.assetcatalog; path = Assets.xcassets; sourceTree = "<group>"; };
		CB236F7B1FCBF32C00658FA8 /* Base */ = {isa = PBXFileReference; lastKnownFileType = file.storyboard; name = Base; path = Base.lproj/LaunchScreen.storyboard; sourceTree = "<group>"; };
		CB236F7D1FCBF32C00658FA8 /* Info.plist */ = {isa = PBXFileReference; lastKnownFileType = text.plist.xml; path = Info.plist; sourceTree = "<group>"; };
		CB236F7E1FCBF32C00658FA8 /* main.m */ = {isa = PBXFileReference; lastKnownFileType = sourcecode.c.objc; path = main.m; sourceTree = "<group>"; };
		CB236FF01FCBFBAD00658FA8 /* TakePhoto.pch */ = {isa = PBXFileReference; fileEncoding = 4; lastKnownFileType = sourcecode.c.h; path = TakePhoto.pch; sourceTree = "<group>"; };
		CB236FF71FCC02E200658FA8 /* TakePhotoModel.h */ = {isa = PBXFileReference; fileEncoding = 4; lastKnownFileType = sourcecode.c.h; path = TakePhotoModel.h; sourceTree = "<group>"; };
		CB236FF81FCC02E200658FA8 /* TakePhotoModel.m */ = {isa = PBXFileReference; fileEncoding = 4; lastKnownFileType = sourcecode.c.objc; path = TakePhotoModel.m; sourceTree = "<group>"; };
		CB236FF91FCC02E200658FA8 /* TakePhotosCameraCell.h */ = {isa = PBXFileReference; fileEncoding = 4; lastKnownFileType = sourcecode.c.h; path = TakePhotosCameraCell.h; sourceTree = "<group>"; };
		CB236FFA1FCC02E200658FA8 /* TakePhotosCameraCell.m */ = {isa = PBXFileReference; fileEncoding = 4; lastKnownFileType = sourcecode.c.objc; path = TakePhotosCameraCell.m; sourceTree = "<group>"; };
		CB236FFB1FCC02E200658FA8 /* TakePhotosCameraCell.xib */ = {isa = PBXFileReference; fileEncoding = 4; lastKnownFileType = file.xib; path = TakePhotosCameraCell.xib; sourceTree = "<group>"; };
		CB236FFC1FCC02E200658FA8 /* TakePhotosCell.h */ = {isa = PBXFileReference; fileEncoding = 4; lastKnownFileType = sourcecode.c.h; path = TakePhotosCell.h; sourceTree = "<group>"; };
		CB236FFD1FCC02E200658FA8 /* TakePhotosCell.m */ = {isa = PBXFileReference; fileEncoding = 4; lastKnownFileType = sourcecode.c.objc; path = TakePhotosCell.m; sourceTree = "<group>"; };
		CB236FFE1FCC02E200658FA8 /* TakePhotosCell.xib */ = {isa = PBXFileReference; fileEncoding = 4; lastKnownFileType = file.xib; path = TakePhotosCell.xib; sourceTree = "<group>"; };
		CB236FFF1FCC02E200658FA8 /* TakePhotosController.h */ = {isa = PBXFileReference; fileEncoding = 4; lastKnownFileType = sourcecode.c.h; path = TakePhotosController.h; sourceTree = "<group>"; };
		CB2370001FCC02E200658FA8 /* TakePhotosController.m */ = {isa = PBXFileReference; fileEncoding = 4; lastKnownFileType = sourcecode.c.objc; path = TakePhotosController.m; sourceTree = "<group>"; };
		CB2370011FCC02E200658FA8 /* TakePhotoTitleView.h */ = {isa = PBXFileReference; fileEncoding = 4; lastKnownFileType = sourcecode.c.h; path = TakePhotoTitleView.h; sourceTree = "<group>"; };
		CB2370021FCC02E200658FA8 /* TakePhotoTitleView.m */ = {isa = PBXFileReference; fileEncoding = 4; lastKnownFileType = sourcecode.c.objc; path = TakePhotoTitleView.m; sourceTree = "<group>"; };
		CB2370041FCC02E200658FA8 /* TakePhotosTableCell.h */ = {isa = PBXFileReference; fileEncoding = 4; lastKnownFileType = sourcecode.c.h; path = TakePhotosTableCell.h; sourceTree = "<group>"; };
		CB2370051FCC02E200658FA8 /* TakePhotosTableCell.m */ = {isa = PBXFileReference; fileEncoding = 4; lastKnownFileType = sourcecode.c.objc; path = TakePhotosTableCell.m; sourceTree = "<group>"; };
		CB2370061FCC02E200658FA8 /* TakePhotosTableCell.xib */ = {isa = PBXFileReference; fileEncoding = 4; lastKnownFileType = file.xib; path = TakePhotosTableCell.xib; sourceTree = "<group>"; };
		CB2370071FCC02E200658FA8 /* TakePhotosTableController.h */ = {isa = PBXFileReference; fileEncoding = 4; lastKnownFileType = sourcecode.c.h; path = TakePhotosTableController.h; sourceTree = "<group>"; };
		CB2370081FCC02E200658FA8 /* TakePhotosTableController.m */ = {isa = PBXFileReference; fileEncoding = 4; lastKnownFileType = sourcecode.c.objc; path = TakePhotosTableController.m; sourceTree = "<group>"; };
		CB2370091FCC02E200658FA8 /* TakePhotosTableModel.h */ = {isa = PBXFileReference; fileEncoding = 4; lastKnownFileType = sourcecode.c.h; path = TakePhotosTableModel.h; sourceTree = "<group>"; };
		CB23700A1FCC02E200658FA8 /* TakePhotosTableModel.m */ = {isa = PBXFileReference; fileEncoding = 4; lastKnownFileType = sourcecode.c.objc; path = TakePhotosTableModel.m; sourceTree = "<group>"; };
		CB23700B1FCC02E200658FA8 /* TakePhoto.m */ = {isa = PBXFileReference; fileEncoding = 4; lastKnownFileType = sourcecode.c.objc; path = TakePhoto.m; sourceTree = "<group>"; };
		CB23700C1FCC02E200658FA8 /* TakePhoto.h */ = {isa = PBXFileReference; fileEncoding = 4; lastKnownFileType = sourcecode.c.h; path = TakePhoto.h; sourceTree = "<group>"; };
		CB23700D1FCC02E200658FA8 /* TakePhoto.bundle */ = {isa = PBXFileReference; lastKnownFileType = "wrapper.plug-in"; path = TakePhoto.bundle; sourceTree = "<group>"; };
		CB23706B1FCEBAE100658FA8 /* MDPresentTransition.h */ = {isa = PBXFileReference; fileEncoding = 4; lastKnownFileType = sourcecode.c.h; path = MDPresentTransition.h; sourceTree = "<group>"; };
		CB23706C1FCEBAE100658FA8 /* MDPresentTransition.m */ = {isa = PBXFileReference; fileEncoding = 4; lastKnownFileType = sourcecode.c.objc; path = MDPresentTransition.m; sourceTree = "<group>"; };
		CB23706D1FCEBAE100658FA8 /* SystemManager.h */ = {isa = PBXFileReference; fileEncoding = 4; lastKnownFileType = sourcecode.c.h; path = SystemManager.h; sourceTree = "<group>"; };
		CB23706E1FCEBAE100658FA8 /* SystemManager.m */ = {isa = PBXFileReference; fileEncoding = 4; lastKnownFileType = sourcecode.c.objc; path = SystemManager.m; sourceTree = "<group>"; };
		CB23706F1FCEBAE100658FA8 /* UIImage+More.h */ = {isa = PBXFileReference; fileEncoding = 4; lastKnownFileType = sourcecode.c.h; path = "UIImage+More.h"; sourceTree = "<group>"; };
		CB2370701FCEBAE100658FA8 /* UIImage+More.m */ = {isa = PBXFileReference; fileEncoding = 4; lastKnownFileType = sourcecode.c.objc; path = "UIImage+More.m"; sourceTree = "<group>"; };
		CB2370711FCEBAE100658FA8 /* UIView+More.h */ = {isa = PBXFileReference; fileEncoding = 4; lastKnownFileType = sourcecode.c.h; path = "UIView+More.h"; sourceTree = "<group>"; };
		CB2370721FCEBAE100658FA8 /* UIView+More.m */ = {isa = PBXFileReference; fileEncoding = 4; lastKnownFileType = sourcecode.c.objc; path = "UIView+More.m"; sourceTree = "<group>"; };
		CB2370821FCFAF1E00658FA8 /* zh-Hans */ = {isa = PBXFileReference; lastKnownFileType = text.plist.strings; name = "zh-Hans"; path = "zh-Hans.lproj/Main.strings"; sourceTree = "<group>"; };
		CB2370831FCFAF1E00658FA8 /* zh-Hans */ = {isa = PBXFileReference; lastKnownFileType = text.plist.strings; name = "zh-Hans"; path = "zh-Hans.lproj/LaunchScreen.strings"; sourceTree = "<group>"; };
		CB43CC191FD100A50068173F /* BoomPresentView.m */ = {isa = PBXFileReference; fileEncoding = 4; lastKnownFileType = sourcecode.c.objc; path = BoomPresentView.m; sourceTree = "<group>"; };
		CB43CC1A1FD100A50068173F /* BoomPresentView.h */ = {isa = PBXFileReference; fileEncoding = 4; lastKnownFileType = sourcecode.c.h; path = BoomPresentView.h; sourceTree = "<group>"; };
/* End PBXFileReference section */

/* Begin PBXFrameworksBuildPhase section */
		CB236F691FCBF32C00658FA8 /* Frameworks */ = {
			isa = PBXFrameworksBuildPhase;
			buildActionMask = 2147483647;
			files = (
				5C3AB4FD030291E03C3FF285 /* libPods-TakePhotoDemo.a in Frameworks */,
			);
			runOnlyForDeploymentPostprocessing = 0;
		};
/* End PBXFrameworksBuildPhase section */

/* Begin PBXGroup section */
		7C1A7252DDBDCE35E7137C50 /* Frameworks */ = {
			isa = PBXGroup;
			children = (
				7C8F5C74B93EA4D953763E79 /* libPods-TakePhotoDemo.a */,
			);
			name = Frameworks;
			sourceTree = "<group>";
		};
		CB236F631FCBF32C00658FA8 = {
			isa = PBXGroup;
			children = (
				CB236F6E1FCBF32C00658FA8 /* TakePhotoDemo */,
				CB236F6D1FCBF32C00658FA8 /* Products */,
				EA4348FB1A13EFD7A97A0851 /* Pods */,
				7C1A7252DDBDCE35E7137C50 /* Frameworks */,
			);
			sourceTree = "<group>";
		};
		CB236F6D1FCBF32C00658FA8 /* Products */ = {
			isa = PBXGroup;
			children = (
				CB236F6C1FCBF32C00658FA8 /* TakePhotoDemo.app */,
			);
			name = Products;
			sourceTree = "<group>";
		};
		CB236F6E1FCBF32C00658FA8 /* TakePhotoDemo */ = {
			isa = PBXGroup;
			children = (
				CB236FF11FCBFC2D00658FA8 /* TakePhoto */,
				CB236F6F1FCBF32C00658FA8 /* AppDelegate.h */,
				CB236F701FCBF32C00658FA8 /* AppDelegate.m */,
				CB236F721FCBF32C00658FA8 /* ViewController.h */,
				CB236F731FCBF32C00658FA8 /* ViewController.m */,
				CB236F751FCBF32C00658FA8 /* Main.storyboard */,
				CB236F781FCBF32C00658FA8 /* Assets.xcassets */,
				CB236F7A1FCBF32C00658FA8 /* LaunchScreen.storyboard */,
				CB236FF01FCBFBAD00658FA8 /* TakePhoto.pch */,
				CB236F7D1FCBF32C00658FA8 /* Info.plist */,
				CB236F7E1FCBF32C00658FA8 /* main.m */,
			);
			path = TakePhotoDemo;
			sourceTree = "<group>";
		};
		CB236FF11FCBFC2D00658FA8 /* TakePhoto */ = {
			isa = PBXGroup;
			children = (
				CB23700C1FCC02E200658FA8 /* TakePhoto.h */,
				CB23700B1FCC02E200658FA8 /* TakePhoto.m */,
				CB2370031FCC02E200658FA8 /* TakePhotosList */,
				CB236FF61FCC02E200658FA8 /* TakePhotosDetail */,
				CB23700D1FCC02E200658FA8 /* TakePhoto.bundle */,
				CB23704F1FCEBAE100658FA8 /* Other */,
			);
			name = TakePhoto;
			path = ../../TakePhoto;
			sourceTree = "<group>";
		};
		CB236FF61FCC02E200658FA8 /* TakePhotosDetail */ = {
			isa = PBXGroup;
			children = (
				CB236FFF1FCC02E200658FA8 /* TakePhotosController.h */,
				CB2370001FCC02E200658FA8 /* TakePhotosController.m */,
				CB236FF71FCC02E200658FA8 /* TakePhotoModel.h */,
				CB236FF81FCC02E200658FA8 /* TakePhotoModel.m */,
				CB236FFC1FCC02E200658FA8 /* TakePhotosCell.h */,
				CB236FFD1FCC02E200658FA8 /* TakePhotosCell.m */,
				CB236FFE1FCC02E200658FA8 /* TakePhotosCell.xib */,
				CB236FF91FCC02E200658FA8 /* TakePhotosCameraCell.h */,
				CB236FFA1FCC02E200658FA8 /* TakePhotosCameraCell.m */,
				CB236FFB1FCC02E200658FA8 /* TakePhotosCameraCell.xib */,
				CB2370011FCC02E200658FA8 /* TakePhotoTitleView.h */,
				CB2370021FCC02E200658FA8 /* TakePhotoTitleView.m */,
			);
			path = TakePhotosDetail;
			sourceTree = "<group>";
		};
		CB2370031FCC02E200658FA8 /* TakePhotosList */ = {
			isa = PBXGroup;
			children = (
				CB2370071FCC02E200658FA8 /* TakePhotosTableController.h */,
				CB2370081FCC02E200658FA8 /* TakePhotosTableController.m */,
				CB2370091FCC02E200658FA8 /* TakePhotosTableModel.h */,
				CB23700A1FCC02E200658FA8 /* TakePhotosTableModel.m */,
				CB2370041FCC02E200658FA8 /* TakePhotosTableCell.h */,
				CB2370051FCC02E200658FA8 /* TakePhotosTableCell.m */,
				CB2370061FCC02E200658FA8 /* TakePhotosTableCell.xib */,
			);
			path = TakePhotosList;
			sourceTree = "<group>";
		};
		CB23704F1FCEBAE100658FA8 /* Other */ = {
			isa = PBXGroup;
			children = (
				CB43CC1A1FD100A50068173F /* BoomPresentView.h */,
				CB43CC191FD100A50068173F /* BoomPresentView.m */,
				CB23706B1FCEBAE100658FA8 /* MDPresentTransition.h */,
				CB23706C1FCEBAE100658FA8 /* MDPresentTransition.m */,
				CB23706D1FCEBAE100658FA8 /* SystemManager.h */,
				CB23706E1FCEBAE100658FA8 /* SystemManager.m */,
				CB23706F1FCEBAE100658FA8 /* UIImage+More.h */,
				CB2370701FCEBAE100658FA8 /* UIImage+More.m */,
				CB2370711FCEBAE100658FA8 /* UIView+More.h */,
				CB2370721FCEBAE100658FA8 /* UIView+More.m */,
			);
			path = Other;
			sourceTree = "<group>";
		};
		EA4348FB1A13EFD7A97A0851 /* Pods */ = {
			isa = PBXGroup;
			children = (
				1E72F73D2E357D4207F0AF0B /* Pods-TakePhotoDemo.debug.xcconfig */,
				0499ED90F111156D07267B48 /* Pods-TakePhotoDemo.release.xcconfig */,
			);
			name = Pods;
			sourceTree = "<group>";
		};
/* End PBXGroup section */

/* Begin PBXNativeTarget section */
		CB236F6B1FCBF32C00658FA8 /* TakePhotoDemo */ = {
			isa = PBXNativeTarget;
			buildConfigurationList = CB236F821FCBF32C00658FA8 /* Build configuration list for PBXNativeTarget "TakePhotoDemo" */;
			buildPhases = (
				2813F2DF15E17C7F132C104B /* [CP] Check Pods Manifest.lock */,
				CB236F681FCBF32C00658FA8 /* Sources */,
				CB236F691FCBF32C00658FA8 /* Frameworks */,
				CB236F6A1FCBF32C00658FA8 /* Resources */,
				D17B400256CA82ED9AC44E76 /* [CP] Embed Pods Frameworks */,
				486A942F298EC1CDFB4BED4A /* [CP] Copy Pods Resources */,
			);
			buildRules = (
			);
			dependencies = (
			);
			name = TakePhotoDemo;
			productName = TakePhotoDemo;
			productReference = CB236F6C1FCBF32C00658FA8 /* TakePhotoDemo.app */;
			productType = "com.apple.product-type.application";
		};
/* End PBXNativeTarget section */

/* Begin PBXProject section */
		CB236F641FCBF32C00658FA8 /* Project object */ = {
			isa = PBXProject;
			attributes = {
				LastUpgradeCheck = 0910;
				ORGANIZATIONNAME = csfuwwc;
				TargetAttributes = {
					CB236F6B1FCBF32C00658FA8 = {
						CreatedOnToolsVersion = 9.1;
						ProvisioningStyle = Automatic;
					};
				};
			};
			buildConfigurationList = CB236F671FCBF32C00658FA8 /* Build configuration list for PBXProject "TakePhotoDemo" */;
			compatibilityVersion = "Xcode 8.0";
			developmentRegion = en;
			hasScannedForEncodings = 0;
			knownRegions = (
				en,
				Base,
			);
			mainGroup = CB236F631FCBF32C00658FA8;
			productRefGroup = CB236F6D1FCBF32C00658FA8 /* Products */;
			projectDirPath = "";
			projectRoot = "";
			targets = (
				CB236F6B1FCBF32C00658FA8 /* TakePhotoDemo */,
			);
		};
/* End PBXProject section */

/* Begin PBXResourcesBuildPhase section */
		CB236F6A1FCBF32C00658FA8 /* Resources */ = {
			isa = PBXResourcesBuildPhase;
			buildActionMask = 2147483647;
			files = (
				CB2370101FCC02E200658FA8 /* TakePhotosCameraCell.xib in Resources */,
				CB2370121FCC02E200658FA8 /* TakePhotosCell.xib in Resources */,
				CB236F7C1FCBF32C00658FA8 /* LaunchScreen.storyboard in Resources */,
				CB23701A1FCC02E200658FA8 /* TakePhoto.bundle in Resources */,
				CB236F791FCBF32C00658FA8 /* Assets.xcassets in Resources */,
				CB2370161FCC02E200658FA8 /* TakePhotosTableCell.xib in Resources */,
				CB236F771FCBF32C00658FA8 /* Main.storyboard in Resources */,
			);
			runOnlyForDeploymentPostprocessing = 0;
		};
/* End PBXResourcesBuildPhase section */

/* Begin PBXShellScriptBuildPhase section */
		2813F2DF15E17C7F132C104B /* [CP] Check Pods Manifest.lock */ = {
			isa = PBXShellScriptBuildPhase;
			buildActionMask = 2147483647;
			files = (
			);
			inputPaths = (
				"${PODS_PODFILE_DIR_PATH}/Podfile.lock",
				"${PODS_ROOT}/Manifest.lock",
			);
			name = "[CP] Check Pods Manifest.lock";
			outputPaths = (
				"$(DERIVED_FILE_DIR)/Pods-TakePhotoDemo-checkManifestLockResult.txt",
			);
			runOnlyForDeploymentPostprocessing = 0;
			shellPath = /bin/sh;
			shellScript = "diff \"${PODS_PODFILE_DIR_PATH}/Podfile.lock\" \"${PODS_ROOT}/Manifest.lock\" > /dev/null\nif [ $? != 0 ] ; then\n    # print error to STDERR\n    echo \"error: The sandbox is not in sync with the Podfile.lock. Run 'pod install' or update your CocoaPods installation.\" >&2\n    exit 1\nfi\n# This output is used by Xcode 'outputs' to avoid re-running this script phase.\necho \"SUCCESS\" > \"${SCRIPT_OUTPUT_FILE_0}\"\n";
			showEnvVarsInLog = 0;
		};
		486A942F298EC1CDFB4BED4A /* [CP] Copy Pods Resources */ = {
			isa = PBXShellScriptBuildPhase;
			buildActionMask = 2147483647;
			files = (
			);
			inputPaths = (
			);
			name = "[CP] Copy Pods Resources";
			outputPaths = (
			);
			runOnlyForDeploymentPostprocessing = 0;
			shellPath = /bin/sh;
			shellScript = "\"${SRCROOT}/Pods/Target Support Files/Pods-TakePhotoDemo/Pods-TakePhotoDemo-resources.sh\"\n";
			showEnvVarsInLog = 0;
		};
		D17B400256CA82ED9AC44E76 /* [CP] Embed Pods Frameworks */ = {
			isa = PBXShellScriptBuildPhase;
			buildActionMask = 2147483647;
			files = (
			);
			inputPaths = (
			);
			name = "[CP] Embed Pods Frameworks";
			outputPaths = (
			);
			runOnlyForDeploymentPostprocessing = 0;
			shellPath = /bin/sh;
			shellScript = "\"${SRCROOT}/Pods/Target Support Files/Pods-TakePhotoDemo/Pods-TakePhotoDemo-frameworks.sh\"\n";
			showEnvVarsInLog = 0;
		};
/* End PBXShellScriptBuildPhase section */

/* Begin PBXSourcesBuildPhase section */
		CB236F681FCBF32C00658FA8 /* Sources */ = {
			isa = PBXSourcesBuildPhase;
			buildActionMask = 2147483647;
			files = (
				CB236F741FCBF32C00658FA8 /* ViewController.m in Sources */,
				CB236F7F1FCBF32C00658FA8 /* main.m in Sources */,
				CB2370191FCC02E200658FA8 /* TakePhoto.m in Sources */,
				CB23707E1FCEBAE100658FA8 /* MDPresentTransition.m in Sources */,
				CB23707F1FCEBAE100658FA8 /* SystemManager.m in Sources */,
				CB2370151FCC02E200658FA8 /* TakePhotosTableCell.m in Sources */,
				CB43CC1B1FD100A60068173F /* BoomPresentView.m in Sources */,
				CB2370111FCC02E200658FA8 /* TakePhotosCell.m in Sources */,
				CB2370801FCEBAE100658FA8 /* UIImage+More.m in Sources */,
				CB236F711FCBF32C00658FA8 /* AppDelegate.m in Sources */,
				CB23700F1FCC02E200658FA8 /* TakePhotosCameraCell.m in Sources */,
				CB23700E1FCC02E200658FA8 /* TakePhotoModel.m in Sources */,
				CB2370181FCC02E200658FA8 /* TakePhotosTableModel.m in Sources */,
				CB2370811FCEBAE100658FA8 /* UIView+More.m in Sources */,
				CB2370131FCC02E200658FA8 /* TakePhotosController.m in Sources */,
				CB2370171FCC02E200658FA8 /* TakePhotosTableController.m in Sources */,
				CB2370141FCC02E200658FA8 /* TakePhotoTitleView.m in Sources */,
			);
			runOnlyForDeploymentPostprocessing = 0;
		};
/* End PBXSourcesBuildPhase section */

/* Begin PBXVariantGroup section */
		CB236F751FCBF32C00658FA8 /* Main.storyboard */ = {
			isa = PBXVariantGroup;
			children = (
				CB236F761FCBF32C00658FA8 /* Base */,
				CB2370821FCFAF1E00658FA8 /* zh-Hans */,
			);
			name = Main.storyboard;
			sourceTree = "<group>";
		};
		CB236F7A1FCBF32C00658FA8 /* LaunchScreen.storyboard */ = {
			isa = PBXVariantGroup;
			children = (
				CB236F7B1FCBF32C00658FA8 /* Base */,
				CB2370831FCFAF1E00658FA8 /* zh-Hans */,
			);
			name = LaunchScreen.storyboard;
			sourceTree = "<group>";
		};
/* End PBXVariantGroup section */

/* Begin XCBuildConfiguration section */
		CB236F801FCBF32C00658FA8 /* Debug */ = {
			isa = XCBuildConfiguration;
			buildSettings = {
				ALWAYS_SEARCH_USER_PATHS = NO;
				CLANG_ANALYZER_LOCALIZABILITY_NONLOCALIZED = YES;
				CLANG_ANALYZER_NONNULL = YES;
				CLANG_ANALYZER_NUMBER_OBJECT_CONVERSION = YES_AGGRESSIVE;
				CLANG_CXX_LANGUAGE_STANDARD = "gnu++14";
				CLANG_CXX_LIBRARY = "libc++";
				CLANG_ENABLE_MODULES = YES;
				CLANG_ENABLE_OBJC_ARC = YES;
				CLANG_WARN_BLOCK_CAPTURE_AUTORELEASING = YES;
				CLANG_WARN_BOOL_CONVERSION = YES;
				CLANG_WARN_COMMA = YES;
				CLANG_WARN_CONSTANT_CONVERSION = YES;
				CLANG_WARN_DIRECT_OBJC_ISA_USAGE = YES_ERROR;
				CLANG_WARN_DOCUMENTATION_COMMENTS = YES;
				CLANG_WARN_EMPTY_BODY = YES;
				CLANG_WARN_ENUM_CONVERSION = YES;
				CLANG_WARN_INFINITE_RECURSION = YES;
				CLANG_WARN_INT_CONVERSION = YES;
				CLANG_WARN_NON_LITERAL_NULL_CONVERSION = YES;
				CLANG_WARN_OBJC_LITERAL_CONVERSION = YES;
				CLANG_WARN_OBJC_ROOT_CLASS = YES_ERROR;
				CLANG_WARN_RANGE_LOOP_ANALYSIS = YES;
				CLANG_WARN_STRICT_PROTOTYPES = YES;
				CLANG_WARN_SUSPICIOUS_MOVE = YES;
				CLANG_WARN_UNGUARDED_AVAILABILITY = YES_AGGRESSIVE;
				CLANG_WARN_UNREACHABLE_CODE = YES;
				CLANG_WARN__DUPLICATE_METHOD_MATCH = YES;
				CODE_SIGN_IDENTITY = "iPhone Developer";
				COPY_PHASE_STRIP = NO;
				DEBUG_INFORMATION_FORMAT = dwarf;
				ENABLE_STRICT_OBJC_MSGSEND = YES;
				ENABLE_TESTABILITY = YES;
				GCC_C_LANGUAGE_STANDARD = gnu11;
				GCC_DYNAMIC_NO_PIC = NO;
				GCC_NO_COMMON_BLOCKS = YES;
				GCC_OPTIMIZATION_LEVEL = 0;
				GCC_PREPROCESSOR_DEFINITIONS = (
					"DEBUG=1",
					"$(inherited)",
				);
				GCC_WARN_64_TO_32_BIT_CONVERSION = YES;
				GCC_WARN_ABOUT_RETURN_TYPE = YES_ERROR;
				GCC_WARN_UNDECLARED_SELECTOR = YES;
				GCC_WARN_UNINITIALIZED_AUTOS = YES_AGGRESSIVE;
				GCC_WARN_UNUSED_FUNCTION = YES;
				GCC_WARN_UNUSED_VARIABLE = YES;
				IPHONEOS_DEPLOYMENT_TARGET = 11.1;
				MTL_ENABLE_DEBUG_INFO = YES;
				ONLY_ACTIVE_ARCH = YES;
				SDKROOT = iphoneos;
			};
			name = Debug;
		};
		CB236F811FCBF32C00658FA8 /* Release */ = {
			isa = XCBuildConfiguration;
			buildSettings = {
				ALWAYS_SEARCH_USER_PATHS = NO;
				CLANG_ANALYZER_LOCALIZABILITY_NONLOCALIZED = YES;
				CLANG_ANALYZER_NONNULL = YES;
				CLANG_ANALYZER_NUMBER_OBJECT_CONVERSION = YES_AGGRESSIVE;
				CLANG_CXX_LANGUAGE_STANDARD = "gnu++14";
				CLANG_CXX_LIBRARY = "libc++";
				CLANG_ENABLE_MODULES = YES;
				CLANG_ENABLE_OBJC_ARC = YES;
				CLANG_WARN_BLOCK_CAPTURE_AUTORELEASING = YES;
				CLANG_WARN_BOOL_CONVERSION = YES;
				CLANG_WARN_COMMA = YES;
				CLANG_WARN_CONSTANT_CONVERSION = YES;
				CLANG_WARN_DIRECT_OBJC_ISA_USAGE = YES_ERROR;
				CLANG_WARN_DOCUMENTATION_COMMENTS = YES;
				CLANG_WARN_EMPTY_BODY = YES;
				CLANG_WARN_ENUM_CONVERSION = YES;
				CLANG_WARN_INFINITE_RECURSION = YES;
				CLANG_WARN_INT_CONVERSION = YES;
				CLANG_WARN_NON_LITERAL_NULL_CONVERSION = YES;
				CLANG_WARN_OBJC_LITERAL_CONVERSION = YES;
				CLANG_WARN_OBJC_ROOT_CLASS = YES_ERROR;
				CLANG_WARN_RANGE_LOOP_ANALYSIS = YES;
				CLANG_WARN_STRICT_PROTOTYPES = YES;
				CLANG_WARN_SUSPICIOUS_MOVE = YES;
				CLANG_WARN_UNGUARDED_AVAILABILITY = YES_AGGRESSIVE;
				CLANG_WARN_UNREACHABLE_CODE = YES;
				CLANG_WARN__DUPLICATE_METHOD_MATCH = YES;
				CODE_SIGN_IDENTITY = "iPhone Developer";
				COPY_PHASE_STRIP = NO;
				DEBUG_INFORMATION_FORMAT = "dwarf-with-dsym";
				ENABLE_NS_ASSERTIONS = NO;
				ENABLE_STRICT_OBJC_MSGSEND = YES;
				GCC_C_LANGUAGE_STANDARD = gnu11;
				GCC_NO_COMMON_BLOCKS = YES;
				GCC_WARN_64_TO_32_BIT_CONVERSION = YES;
				GCC_WARN_ABOUT_RETURN_TYPE = YES_ERROR;
				GCC_WARN_UNDECLARED_SELECTOR = YES;
				GCC_WARN_UNINITIALIZED_AUTOS = YES_AGGRESSIVE;
				GCC_WARN_UNUSED_FUNCTION = YES;
				GCC_WARN_UNUSED_VARIABLE = YES;
				IPHONEOS_DEPLOYMENT_TARGET = 11.1;
				MTL_ENABLE_DEBUG_INFO = NO;
				SDKROOT = iphoneos;
				VALIDATE_PRODUCT = YES;
			};
			name = Release;
		};
		CB236F831FCBF32C00658FA8 /* Debug */ = {
			isa = XCBuildConfiguration;
			baseConfigurationReference = 1E72F73D2E357D4207F0AF0B /* Pods-TakePhotoDemo.debug.xcconfig */;
			buildSettings = {
				ASSETCATALOG_COMPILER_APPICON_NAME = AppIcon;
				"CODE_SIGN_IDENTITY[sdk=iphoneos*]" = "iPhone Developer";
				CODE_SIGN_STYLE = Automatic;
				DEVELOPMENT_TEAM = PQB5822DLB;
				GCC_INCREASE_PRECOMPILED_HEADER_SHARING = YES;
				GCC_PREFIX_HEADER = /Users/liyanpeng/Desktop/TakePhoto/TakePhotoDemo/TakePhotoDemo/TakePhoto.pch;
				INFOPLIST_FILE = TakePhotoDemo/Info.plist;
				IPHONEOS_DEPLOYMENT_TARGET = 8.0;
				LD_RUNPATH_SEARCH_PATHS = "$(inherited) @executable_path/Frameworks";
				PRODUCT_BUNDLE_IDENTIFIER = com.modain.TakePhotoDemo;
				PRODUCT_NAME = "$(TARGET_NAME)";
				PROVISIONING_PROFILE_SPECIFIER = "";
				TARGETED_DEVICE_FAMILY = "1,2";
			};
			name = Debug;
		};
		CB236F841FCBF32C00658FA8 /* Release */ = {
			isa = XCBuildConfiguration;
			baseConfigurationReference = 0499ED90F111156D07267B48 /* Pods-TakePhotoDemo.release.xcconfig */;
			buildSettings = {
				ASSETCATALOG_COMPILER_APPICON_NAME = AppIcon;
				"CODE_SIGN_IDENTITY[sdk=iphoneos*]" = "iPhone Developer";
				CODE_SIGN_STYLE = Automatic;
				DEVELOPMENT_TEAM = PQB5822DLB;
				GCC_INCREASE_PRECOMPILED_HEADER_SHARING = YES;
				GCC_PREFIX_HEADER = /Users/liyanpeng/Desktop/TakePhoto/TakePhotoDemo/TakePhotoDemo/TakePhoto.pch;
				INFOPLIST_FILE = TakePhotoDemo/Info.plist;
				IPHONEOS_DEPLOYMENT_TARGET = 8.0;
				LD_RUNPATH_SEARCH_PATHS = "$(inherited) @executable_path/Frameworks";
				PRODUCT_BUNDLE_IDENTIFIER = com.modain.TakePhotoDemo;
				PRODUCT_NAME = "$(TARGET_NAME)";
				PROVISIONING_PROFILE_SPECIFIER = "";
				TARGETED_DEVICE_FAMILY = "1,2";
			};
			name = Release;
		};
/* End XCBuildConfiguration section */

/* Begin XCConfigurationList section */
		CB236F671FCBF32C00658FA8 /* Build configuration list for PBXProject "TakePhotoDemo" */ = {
			isa = XCConfigurationList;
			buildConfigurations = (
				CB236F801FCBF32C00658FA8 /* Debug */,
				CB236F811FCBF32C00658FA8 /* Release */,
			);
			defaultConfigurationIsVisible = 0;
			defaultConfigurationName = Release;
		};
		CB236F821FCBF32C00658FA8 /* Build configuration list for PBXNativeTarget "TakePhotoDemo" */ = {
			isa = XCConfigurationList;
			buildConfigurations = (
				CB236F831FCBF32C00658FA8 /* Debug */,
				CB236F841FCBF32C00658FA8 /* Release */,
			);
			defaultConfigurationIsVisible = 0;
			defaultConfigurationName = Release;
		};
/* End XCConfigurationList section */
	};
	rootObject = CB236F641FCBF32C00658FA8 /* Project object */;
}
